
Microsoft Visual Studio Solution File, Format Version 12.00
# Visual Studio 15
VisualStudioVersion = 15.0.27004.2006
MinimumVisualStudioVersion = 10.0.40219.1
Project("{9A19103F-16F7-4668-BE54-9A1E7A4F7556}") = "imagesweb", "imagesweb\imagesweb.csproj", "{8001890A-443A-42AB-B7F0-10F8FA24815C}"
EndProject
Project("{2150E333-8FDC-42A3-9474-1A3956D46DE8}") = "Solution Items", "Solution Items", "{5D25577D-2056-4E09-82A0-D3BF96D34526}"
	ProjectSection(SolutionItems) = preProject
		README.md = README.md
	EndProjectSection
EndProject
Global
	GlobalSection(SolutionConfigurationPlatforms) = preSolution
		Debug|Any CPU = Debug|Any CPU
		Release|Any CPU = Release|Any CPU
	EndGlobalSection
	GlobalSection(ProjectConfigurationPlatforms) = postSolution
		{8001890A-443A-42AB-B7F0-10F8FA24815C}.Debug|Any CPU.ActiveCfg = Debug|Any CPU
		{8001890A-443A-42AB-B7F0-10F8FA24815C}.Debug|Any CPU.Build.0 = Debug|Any CPU
		{8001890A-443A-42AB-B7F0-10F8FA24815C}.Release|Any CPU.ActiveCfg = Release|Any CPU
		{8001890A-443A-42AB-B7F0-10F8FA24815C}.Release|Any CPU.Build.0 = Release|Any CPU
	EndGlobalSection
	GlobalSection(SolutionProperties) = preSolution
		HideSolutionNode = FALSE
	EndGlobalSection
	GlobalSection(ExtensibilityGlobals) = postSolution
		SolutionGuid = {8C299EDF-CE05-4748-9B3E-D0254CF538C0}
	EndGlobalSection
EndGlobal
